
Microsoft Visual Studio Solution File, Format Version 12.00
# Visual Studio 15
VisualStudioVersion = 15.0.26124.0
MinimumVisualStudioVersion = 15.0.26124.0
Project("{FAE04EC0-301F-11D3-BF4B-00C04F79EFBC}") = "Verable.Client.DotNet", "Verable.Client.DotNet\Verable.Client.DotNet.csproj", "{477A30FB-2FF7-4E5C-A44F-2D4582EFCDB5}"
EndProject
Project("{2150E333-8FDC-42A3-9474-1A3956D46DE8}") = "Sample", "Sample", "{9BCC08DD-1C39-4CEE-B957-FEA56D356F21}"
EndProject
Project("{FAE04EC0-301F-11D3-BF4B-00C04F79EFBC}") = "Service1", "Sample\Service1\Service1.csproj", "{74C05B2C-8E85-42DF-A85E-98E32CDC49E4}"
EndProject
Global
	GlobalSection(SolutionConfigurationPlatforms) = preSolution
		Debug|Any CPU = Debug|Any CPU
		Debug|x64 = Debug|x64
		Debug|x86 = Debug|x86
		Release|Any CPU = Release|Any CPU
		Release|x64 = Release|x64
		Release|x86 = Release|x86
	EndGlobalSection
	GlobalSection(SolutionProperties) = preSolution
		HideSolutionNode = FALSE
	EndGlobalSection
	GlobalSection(ProjectConfigurationPlatforms) = postSolution
		{477A30FB-2FF7-4E5C-A44F-2D4582EFCDB5}.Debug|Any CPU.ActiveCfg = Debug|Any CPU
		{477A30FB-2FF7-4E5C-A44F-2D4582EFCDB5}.Debug|Any CPU.Build.0 = Debug|Any CPU
		{477A30FB-2FF7-4E5C-A44F-2D4582EFCDB5}.Debug|x64.ActiveCfg = Debug|Any CPU
		{477A30FB-2FF7-4E5C-A44F-2D4582EFCDB5}.Debug|x64.Build.0 = Debug|Any CPU
		{477A30FB-2FF7-4E5C-A44F-2D4582EFCDB5}.Debug|x86.ActiveCfg = Debug|Any CPU
		{477A30FB-2FF7-4E5C-A44F-2D4582EFCDB5}.Debug|x86.Build.0 = Debug|Any CPU
		{477A30FB-2FF7-4E5C-A44F-2D4582EFCDB5}.Release|Any CPU.ActiveCfg = Release|Any CPU
		{477A30FB-2FF7-4E5C-A44F-2D4582EFCDB5}.Release|Any CPU.Build.0 = Release|Any CPU
		{477A30FB-2FF7-4E5C-A44F-2D4582EFCDB5}.Release|x64.ActiveCfg = Release|Any CPU
		{477A30FB-2FF7-4E5C-A44F-2D4582EFCDB5}.Release|x64.Build.0 = Release|Any CPU
		{477A30FB-2FF7-4E5C-A44F-2D4582EFCDB5}.Release|x86.ActiveCfg = Release|Any CPU
		{477A30FB-2FF7-4E5C-A44F-2D4582EFCDB5}.Release|x86.Build.0 = Release|Any CPU
		{74C05B2C-8E85-42DF-A85E-98E32CDC49E4}.Debug|Any CPU.ActiveCfg = Debug|Any CPU
		{74C05B2C-8E85-42DF-A85E-98E32CDC49E4}.Debug|Any CPU.Build.0 = Debug|Any CPU
		{74C05B2C-8E85-42DF-A85E-98E32CDC49E4}.Debug|x64.ActiveCfg = Debug|Any CPU
		{74C05B2C-8E85-42DF-A85E-98E32CDC49E4}.Debug|x64.Build.0 = Debug|Any CPU
		{74C05B2C-8E85-42DF-A85E-98E32CDC49E4}.Debug|x86.ActiveCfg = Debug|Any CPU
		{74C05B2C-8E85-42DF-A85E-98E32CDC49E4}.Debug|x86.Build.0 = Debug|Any CPU
		{74C05B2C-8E85-42DF-A85E-98E32CDC49E4}.Release|Any CPU.ActiveCfg = Release|Any CPU
		{74C05B2C-8E85-42DF-A85E-98E32CDC49E4}.Release|Any CPU.Build.0 = Release|Any CPU
		{74C05B2C-8E85-42DF-A85E-98E32CDC49E4}.Release|x64.ActiveCfg = Release|Any CPU
		{74C05B2C-8E85-42DF-A85E-98E32CDC49E4}.Release|x64.Build.0 = Release|Any CPU
		{74C05B2C-8E85-42DF-A85E-98E32CDC49E4}.Release|x86.ActiveCfg = Release|Any CPU
		{74C05B2C-8E85-42DF-A85E-98E32CDC49E4}.Release|x86.Build.0 = Release|Any CPU
	EndGlobalSection
	GlobalSection(NestedProjects) = preSolution
		{74C05B2C-8E85-42DF-A85E-98E32CDC49E4} = {9BCC08DD-1C39-4CEE-B957-FEA56D356F21}
	EndGlobalSection
EndGlobal
